
Microsoft Visual Studio Solution File, Format Version 12.00
# Visual Studio 14
VisualStudioVersion = 14.0.25420.1
MinimumVisualStudioVersion = 10.0.40219.1
Project("{FAE04EC0-301F-11D3-BF4B-00C04F79EFBC}") = "BookClub", "c:\users\administrator\documents\visual studio 2015\Projects\BookClub\BookClub\BookClub.csproj", "{882DBE87-E1FE-4F81-B677-ABF8F6FDE101}"
EndProject
Global
	GlobalSection(SolutionConfigurationPlatforms) = preSolution
		Debug|Any CPU = Debug|Any CPU
		Release|Any CPU = Release|Any CPU
	EndGlobalSection
	GlobalSection(ProjectConfigurationPlatforms) = postSolution
		{882DBE87-E1FE-4F81-B677-ABF8F6FDE101}.Debug|Any CPU.ActiveCfg = Debug|Any CPU
		{882DBE87-E1FE-4F81-B677-ABF8F6FDE101}.Debug|Any CPU.Build.0 = Debug|Any CPU
		{882DBE87-E1FE-4F81-B677-ABF8F6FDE101}.Release|Any CPU.ActiveCfg = Release|Any CPU
		{882DBE87-E1FE-4F81-B677-ABF8F6FDE101}.Release|Any CPU.Build.0 = Release|Any CPU
	EndGlobalSection
	GlobalSection(SolutionProperties) = preSolution
		HideSolutionNode = FALSE
	EndGlobalSection
EndGlobal
